
Microsoft Visual Studio Solution File, Format Version 11.00
# Visual C# Express 2010
Project("{FAE04EC0-301F-11D3-BF4B-00C04F79EFBC}") = "dynamic-fuels", "dynamic-fuels.csproj", "{77535048-8480-44EB-86EC-7C2584EED386}"
EndProject
Global
	GlobalSection(SolutionConfigurationPlatforms) = preSolution
		Debug|Any CPU = Debug|Any CPU
		Release|Any CPU = Release|Any CPU
	EndGlobalSection
	GlobalSection(ProjectConfigurationPlatforms) = postSolution
		{77535048-8480-44EB-86EC-7C2584EED386}.Debug|Any CPU.ActiveCfg = Debug|Any CPU
		{77535048-8480-44EB-86EC-7C2584EED386}.Debug|Any CPU.Build.0 = Debug|Any CPU
		{77535048-8480-44EB-86EC-7C2584EED386}.Release|Any CPU.ActiveCfg = Release|Any CPU
		{77535048-8480-44EB-86EC-7C2584EED386}.Release|Any CPU.Build.0 = Release|Any CPU
	EndGlobalSection
	GlobalSection(SolutionProperties) = preSolution
		HideSolutionNode = FALSE
	EndGlobalSection
EndGlobal
